
Microsoft Visual Studio Solution File, Format Version 12.00
# Visual Studio Version 17
VisualStudioVersion = 17.11.35431.28
MinimumVisualStudioVersion = 10.0.40219.1
Project("{9A19103F-16F7-4668-BE54-9A1E7A4F7556}") = "BabyCareProject", "BabyCareProject\BabyCareProject.csproj", "{8E0B6205-17C0-4AF8-BA39-E55B02093C34}"
EndProject
Project("{2150E333-8FDC-42A3-9474-1A3956D46DE8}") = "Solution Items", "Solution Items", "{1EF6C07A-10E3-4E13-B8A9-DFAD0779845E}"
	ProjectSection(SolutionItems) = preProject
		template.txt = template.txt
	EndProjectSection
EndProject
Global
	GlobalSection(SolutionConfigurationPlatforms) = preSolution
		Debug|Any CPU = Debug|Any CPU
		Release|Any CPU = Release|Any CPU
	EndGlobalSection
	GlobalSection(ProjectConfigurationPlatforms) = postSolution
		{8E0B6205-17C0-4AF8-BA39-E55B02093C34}.Debug|Any CPU.ActiveCfg = Debug|Any CPU
		{8E0B6205-17C0-4AF8-BA39-E55B02093C34}.Debug|Any CPU.Build.0 = Debug|Any CPU
		{8E0B6205-17C0-4AF8-BA39-E55B02093C34}.Release|Any CPU.ActiveCfg = Release|Any CPU
		{8E0B6205-17C0-4AF8-BA39-E55B02093C34}.Release|Any CPU.Build.0 = Release|Any CPU
	EndGlobalSection
	GlobalSection(SolutionProperties) = preSolution
		HideSolutionNode = FALSE
	EndGlobalSection
	GlobalSection(ExtensibilityGlobals) = postSolution
		SolutionGuid = {C4A7EA70-53DF-4167-A3EE-A679736336B3}
	EndGlobalSection
EndGlobal
